
Microsoft Visual Studio Solution File, Format Version 12.00
# Visual Studio Version 17
VisualStudioVersion = 17.7.34024.191
MinimumVisualStudioVersion = 10.0.40219.1
Project("{FAE04EC0-301F-11D3-BF4B-00C04F79EFBC}") = "QFSW.QC.Extras", "QFSW.QC.Extras.csproj", "{52B02D6E-97D8-D16C-77EB-F00442638D17}"
EndProject
Project("{FAE04EC0-301F-11D3-BF4B-00C04F79EFBC}") = "QFSW.QC.Grammar", "QFSW.QC.Grammar.csproj", "{7E01580F-0183-2925-E359-5E5ECA34CCE4}"
EndProject
Project("{FAE04EC0-301F-11D3-BF4B-00C04F79EFBC}") = "QFSW.QC", "QFSW.QC.csproj", "{C0AD9FEB-B22E-175E-D023-538058AF9DDE}"
EndProject
Project("{FAE04EC0-301F-11D3-BF4B-00C04F79EFBC}") = "QFSW.QC.Editor", "QFSW.QC.Editor.csproj", "{866D634E-7D5C-C906-9A3E-AD3806BC7A06}"
EndProject
Project("{FAE04EC0-301F-11D3-BF4B-00C04F79EFBC}") = "TextMeshProExample", "TextMeshProExample.csproj", "{13F845AE-B74D-86AF-CE1A-1489E5C1DEDF}"
EndProject
Project("{FAE04EC0-301F-11D3-BF4B-00C04F79EFBC}") = "Assembly-CSharp", "Assembly-CSharp.csproj", "{B36E44F5-CBB7-DD03-FB17-26A68505714B}"
EndProject
Project("{FAE04EC0-301F-11D3-BF4B-00C04F79EFBC}") = "QFSW.QC.Parsers", "QFSW.QC.Parsers.csproj", "{405D2E17-2220-10EB-6E8D-BAA2A15B2C6F}"
EndProject
Project("{FAE04EC0-301F-11D3-BF4B-00C04F79EFBC}") = "QFSW.QC.Editor.Tools", "QFSW.QC.Editor.Tools.csproj", "{47969D95-1D94-966C-7EB0-F63B3940531C}"
EndProject
Project("{FAE04EC0-301F-11D3-BF4B-00C04F79EFBC}") = "QuixelAss", "QuixelAss.csproj", "{EBB70BD6-48CF-E067-9478-429C8DD4D6E1}"
EndProject
Project("{FAE04EC0-301F-11D3-BF4B-00C04F79EFBC}") = "YSAToon", "YSAToon.csproj", "{4E131E6C-E86C-E707-0F0B-6043A22BA8A9}"
EndProject
Project("{FAE04EC0-301F-11D3-BF4B-00C04F79EFBC}") = "QFSW.QC.Serializers", "QFSW.QC.Serializers.csproj", "{7E6095D3-91C5-4453-98C4-0757AD95A99A}"
EndProject
Project("{FAE04EC0-301F-11D3-BF4B-00C04F79EFBC}") = "QuickOutline", "QuickOutline.csproj", "{4A46D764-45D8-8A63-3B43-AFA6A8464094}"
EndProject
Project("{FAE04EC0-301F-11D3-BF4B-00C04F79EFBC}") = "QFSW.QC.QGUI", "QFSW.QC.QGUI.csproj", "{774571F3-E7AB-6FFD-7D15-D81D922CD332}"
EndProject
Project("{FAE04EC0-301F-11D3-BF4B-00C04F79EFBC}") = "QFSW.QC.UI", "QFSW.QC.UI.csproj", "{A8426AA8-8D7E-5A00-F2BE-DC53A273FC03}"
EndProject
Project("{FAE04EC0-301F-11D3-BF4B-00C04F79EFBC}") = "QFSW.QC.Suggestors", "QFSW.QC.Suggestors.csproj", "{DC75CBCC-DB87-159A-A41B-8D3E1B60821C}"
EndProject
Project("{FAE04EC0-301F-11D3-BF4B-00C04F79EFBC}") = "QFSW.QC.Demo", "QFSW.QC.Demo.csproj", "{BF963541-9C28-0AC2-BC1F-084D0C154089}"
EndProject
Project("{FAE04EC0-301F-11D3-BF4B-00C04F79EFBC}") = "QFSW.QC.ScanRules", "QFSW.QC.ScanRules.csproj", "{4A346BE9-B6C1-A677-E213-7718E7C4C6A0}"
EndProject
Project("{FAE04EC0-301F-11D3-BF4B-00C04F79EFBC}") = "OccaSoftware.Crosshairs.Editor", "OccaSoftware.Crosshairs.Editor.csproj", "{157289ED-CB99-4C55-F630-412D0597345F}"
EndProject
Global
	GlobalSection(SolutionConfigurationPlatforms) = preSolution
		Debug|Any CPU = Debug|Any CPU
		Release|Any CPU = Release|Any CPU
	EndGlobalSection
	GlobalSection(ProjectConfigurationPlatforms) = postSolution
		{52B02D6E-97D8-D16C-77EB-F00442638D17}.Debug|Any CPU.ActiveCfg = Debug|Any CPU
		{52B02D6E-97D8-D16C-77EB-F00442638D17}.Debug|Any CPU.Build.0 = Debug|Any CPU
		{52B02D6E-97D8-D16C-77EB-F00442638D17}.Release|Any CPU.ActiveCfg = Release|Any CPU
		{52B02D6E-97D8-D16C-77EB-F00442638D17}.Release|Any CPU.Build.0 = Release|Any CPU
		{7E01580F-0183-2925-E359-5E5ECA34CCE4}.Debug|Any CPU.ActiveCfg = Debug|Any CPU
		{7E01580F-0183-2925-E359-5E5ECA34CCE4}.Debug|Any CPU.Build.0 = Debug|Any CPU
		{7E01580F-0183-2925-E359-5E5ECA34CCE4}.Release|Any CPU.ActiveCfg = Release|Any CPU
		{7E01580F-0183-2925-E359-5E5ECA34CCE4}.Release|Any CPU.Build.0 = Release|Any CPU
		{C0AD9FEB-B22E-175E-D023-538058AF9DDE}.Debug|Any CPU.ActiveCfg = Debug|Any CPU
		{C0AD9FEB-B22E-175E-D023-538058AF9DDE}.Debug|Any CPU.Build.0 = Debug|Any CPU
		{C0AD9FEB-B22E-175E-D023-538058AF9DDE}.Release|Any CPU.ActiveCfg = Release|Any CPU
		{C0AD9FEB-B22E-175E-D023-538058AF9DDE}.Release|Any CPU.Build.0 = Release|Any CPU
		{866D634E-7D5C-C906-9A3E-AD3806BC7A06}.Debug|Any CPU.ActiveCfg = Debug|Any CPU
		{866D634E-7D5C-C906-9A3E-AD3806BC7A06}.Debug|Any CPU.Build.0 = Debug|Any CPU
		{866D634E-7D5C-C906-9A3E-AD3806BC7A06}.Release|Any CPU.ActiveCfg = Release|Any CPU
		{866D634E-7D5C-C906-9A3E-AD3806BC7A06}.Release|Any CPU.Build.0 = Release|Any CPU
		{13F845AE-B74D-86AF-CE1A-1489E5C1DEDF}.Debug|Any CPU.ActiveCfg = Debug|Any CPU
		{13F845AE-B74D-86AF-CE1A-1489E5C1DEDF}.Debug|Any CPU.Build.0 = Debug|Any CPU
		{13F845AE-B74D-86AF-CE1A-1489E5C1DEDF}.Release|Any CPU.ActiveCfg = Release|Any CPU
		{13F845AE-B74D-86AF-CE1A-1489E5C1DEDF}.Release|Any CPU.Build.0 = Release|Any CPU
		{B36E44F5-CBB7-DD03-FB17-26A68505714B}.Debug|Any CPU.ActiveCfg = Debug|Any CPU
		{B36E44F5-CBB7-DD03-FB17-26A68505714B}.Debug|Any CPU.Build.0 = Debug|Any CPU
		{B36E44F5-CBB7-DD03-FB17-26A68505714B}.Release|Any CPU.ActiveCfg = Release|Any CPU
		{B36E44F5-CBB7-DD03-FB17-26A68505714B}.Release|Any CPU.Build.0 = Release|Any CPU
		{405D2E17-2220-10EB-6E8D-BAA2A15B2C6F}.Debug|Any CPU.ActiveCfg = Debug|Any CPU
		{405D2E17-2220-10EB-6E8D-BAA2A15B2C6F}.Debug|Any CPU.Build.0 = Debug|Any CPU
		{405D2E17-2220-10EB-6E8D-BAA2A15B2C6F}.Release|Any CPU.ActiveCfg = Release|Any CPU
		{405D2E17-2220-10EB-6E8D-BAA2A15B2C6F}.Release|Any CPU.Build.0 = Release|Any CPU
		{47969D95-1D94-966C-7EB0-F63B3940531C}.Debug|Any CPU.ActiveCfg = Debug|Any CPU
		{47969D95-1D94-966C-7EB0-F63B3940531C}.Debug|Any CPU.Build.0 = Debug|Any CPU
		{47969D95-1D94-966C-7EB0-F63B3940531C}.Release|Any CPU.ActiveCfg = Release|Any CPU
		{47969D95-1D94-966C-7EB0-F63B3940531C}.Release|Any CPU.Build.0 = Release|Any CPU
		{EBB70BD6-48CF-E067-9478-429C8DD4D6E1}.Debug|Any CPU.ActiveCfg = Debug|Any CPU
		{EBB70BD6-48CF-E067-9478-429C8DD4D6E1}.Debug|Any CPU.Build.0 = Debug|Any CPU
		{EBB70BD6-48CF-E067-9478-429C8DD4D6E1}.Release|Any CPU.ActiveCfg = Release|Any CPU
		{EBB70BD6-48CF-E067-9478-429C8DD4D6E1}.Release|Any CPU.Build.0 = Release|Any CPU
		{4E131E6C-E86C-E707-0F0B-6043A22BA8A9}.Debug|Any CPU.ActiveCfg = Debug|Any CPU
		{4E131E6C-E86C-E707-0F0B-6043A22BA8A9}.Debug|Any CPU.Build.0 = Debug|Any CPU
		{4E131E6C-E86C-E707-0F0B-6043A22BA8A9}.Release|Any CPU.ActiveCfg = Release|Any CPU
		{4E131E6C-E86C-E707-0F0B-6043A22BA8A9}.Release|Any CPU.Build.0 = Release|Any CPU
		{7E6095D3-91C5-4453-98C4-0757AD95A99A}.Debug|Any CPU.ActiveCfg = Debug|Any CPU
		{7E6095D3-91C5-4453-98C4-0757AD95A99A}.Debug|Any CPU.Build.0 = Debug|Any CPU
		{7E6095D3-91C5-4453-98C4-0757AD95A99A}.Release|Any CPU.ActiveCfg = Release|Any CPU
		{7E6095D3-91C5-4453-98C4-0757AD95A99A}.Release|Any CPU.Build.0 = Release|Any CPU
		{4A46D764-45D8-8A63-3B43-AFA6A8464094}.Debug|Any CPU.ActiveCfg = Debug|Any CPU
		{4A46D764-45D8-8A63-3B43-AFA6A8464094}.Debug|Any CPU.Build.0 = Debug|Any CPU
		{4A46D764-45D8-8A63-3B43-AFA6A8464094}.Release|Any CPU.ActiveCfg = Release|Any CPU
		{4A46D764-45D8-8A63-3B43-AFA6A8464094}.Release|Any CPU.Build.0 = Release|Any CPU
		{774571F3-E7AB-6FFD-7D15-D81D922CD332}.Debug|Any CPU.ActiveCfg = Debug|Any CPU
		{774571F3-E7AB-6FFD-7D15-D81D922CD332}.Debug|Any CPU.Build.0 = Debug|Any CPU
		{774571F3-E7AB-6FFD-7D15-D81D922CD332}.Release|Any CPU.ActiveCfg = Release|Any CPU
		{774571F3-E7AB-6FFD-7D15-D81D922CD332}.Release|Any CPU.Build.0 = Release|Any CPU
		{A8426AA8-8D7E-5A00-F2BE-DC53A273FC03}.Debug|Any CPU.ActiveCfg = Debug|Any CPU
		{A8426AA8-8D7E-5A00-F2BE-DC53A273FC03}.Debug|Any CPU.Build.0 = Debug|Any CPU
		{A8426AA8-8D7E-5A00-F2BE-DC53A273FC03}.Release|Any CPU.ActiveCfg = Release|Any CPU
		{A8426AA8-8D7E-5A00-F2BE-DC53A273FC03}.Release|Any CPU.Build.0 = Release|Any CPU
		{DC75CBCC-DB87-159A-A41B-8D3E1B60821C}.Debug|Any CPU.ActiveCfg = Debug|Any CPU
		{DC75CBCC-DB87-159A-A41B-8D3E1B60821C}.Debug|Any CPU.Build.0 = Debug|Any CPU
		{DC75CBCC-DB87-159A-A41B-8D3E1B60821C}.Release|Any CPU.ActiveCfg = Release|Any CPU
		{DC75CBCC-DB87-159A-A41B-8D3E1B60821C}.Release|Any CPU.Build.0 = Release|Any CPU
		{BF963541-9C28-0AC2-BC1F-084D0C154089}.Debug|Any CPU.ActiveCfg = Debug|Any CPU
		{BF963541-9C28-0AC2-BC1F-084D0C154089}.Debug|Any CPU.Build.0 = Debug|Any CPU
		{BF963541-9C28-0AC2-BC1F-084D0C154089}.Release|Any CPU.ActiveCfg = Release|Any CPU
		{BF963541-9C28-0AC2-BC1F-084D0C154089}.Release|Any CPU.Build.0 = Release|Any CPU
		{4A346BE9-B6C1-A677-E213-7718E7C4C6A0}.Debug|Any CPU.ActiveCfg = Debug|Any CPU
		{4A346BE9-B6C1-A677-E213-7718E7C4C6A0}.Debug|Any CPU.Build.0 = Debug|Any CPU
		{4A346BE9-B6C1-A677-E213-7718E7C4C6A0}.Release|Any CPU.ActiveCfg = Release|Any CPU
		{4A346BE9-B6C1-A677-E213-7718E7C4C6A0}.Release|Any CPU.Build.0 = Release|Any CPU
		{157289ED-CB99-4C55-F630-412D0597345F}.Debug|Any CPU.ActiveCfg = Debug|Any CPU
		{157289ED-CB99-4C55-F630-412D0597345F}.Debug|Any CPU.Build.0 = Debug|Any CPU
		{157289ED-CB99-4C55-F630-412D0597345F}.Release|Any CPU.ActiveCfg = Release|Any CPU
		{157289ED-CB99-4C55-F630-412D0597345F}.Release|Any CPU.Build.0 = Release|Any CPU
	EndGlobalSection
	GlobalSection(SolutionProperties) = preSolution
		HideSolutionNode = FALSE
	EndGlobalSection
EndGlobal
