
Microsoft Visual Studio Solution File, Format Version 12.00
# Visual Studio 15
Project("{FAE04EC0-301F-11D3-BF4B-00C04F79EFBC}") = "QFSW.QC", "QFSW.QC.csproj", "{A081E5E2-5DC6-6C79-12F0-45059B0D846C}"
EndProject
Project("{FAE04EC0-301F-11D3-BF4B-00C04F79EFBC}") = "Assembly-CSharp", "Assembly-CSharp.csproj", "{787D370C-69B1-7356-9D30-2F5EC3999FA6}"
EndProject
Project("{FAE04EC0-301F-11D3-BF4B-00C04F79EFBC}") = "QFSW.QC.Extras", "QFSW.QC.Extras.csproj", "{FCE56C1E-D96C-2FCB-43A2-EEFEFE9B6248}"
EndProject
Project("{FAE04EC0-301F-11D3-BF4B-00C04F79EFBC}") = "QFSW.QC.Suggestors", "QFSW.QC.Suggestors.csproj", "{5A1C77DC-9F9F-0EDA-D632-CF0999EFAEE8}"
EndProject
Project("{FAE04EC0-301F-11D3-BF4B-00C04F79EFBC}") = "QFSW.QC.Grammar", "QFSW.QC.Grammar.csproj", "{35BC797E-DE09-E6D8-0840-53715BE5EA4D}"
EndProject
Project("{FAE04EC0-301F-11D3-BF4B-00C04F79EFBC}") = "QFSW.QC.Editor", "QFSW.QC.Editor.csproj", "{D030816F-21EC-E7AC-23AA-4AD9B7053AF2}"
EndProject
Project("{FAE04EC0-301F-11D3-BF4B-00C04F79EFBC}") = "QFSW.QC.Parsers", "QFSW.QC.Parsers.csproj", "{3A677224-E001-DA93-43BA-88F22ABB1AE1}"
EndProject
Project("{FAE04EC0-301F-11D3-BF4B-00C04F79EFBC}") = "QFSW.QC.QGUI", "QFSW.QC.QGUI.csproj", "{B55E5A23-840D-64BE-77C8-A0087062A8DF}"
EndProject
Project("{FAE04EC0-301F-11D3-BF4B-00C04F79EFBC}") = "QFSW.QC.Editor.Tools", "QFSW.QC.Editor.Tools.csproj", "{37CEB33A-B67A-F77C-5AD6-55E1BB758862}"
EndProject
Project("{FAE04EC0-301F-11D3-BF4B-00C04F79EFBC}") = "QFSW.QC.UI", "QFSW.QC.UI.csproj", "{ECF454D2-BD23-B39F-5E24-8431EC53640F}"
EndProject
Project("{FAE04EC0-301F-11D3-BF4B-00C04F79EFBC}") = "QFSW.QC.ScanRules", "QFSW.QC.ScanRules.csproj", "{2B067115-3E5E-99A5-9F41-D542AAFD2BCC}"
EndProject
Project("{FAE04EC0-301F-11D3-BF4B-00C04F79EFBC}") = "QFSW.QC.Serializers", "QFSW.QC.Serializers.csproj", "{9561B350-2958-96C0-CFD6-5B6563349A33}"
EndProject
Project("{FAE04EC0-301F-11D3-BF4B-00C04F79EFBC}") = "Assembly-CSharp-Editor", "Assembly-CSharp-Editor.csproj", "{0A722A0B-280D-F7B2-1A71-DAE92AD73D1A}"
EndProject
Project("{FAE04EC0-301F-11D3-BF4B-00C04F79EFBC}") = "OccaSoftware.Crosshairs.Editor", "OccaSoftware.Crosshairs.Editor.csproj", "{2E6D7835-D51D-2888-0054-4C9D7D38E32E}"
EndProject
Project("{FAE04EC0-301F-11D3-BF4B-00C04F79EFBC}") = "QFSW.QC.Demo", "QFSW.QC.Demo.csproj", "{63EE9ECD-24F6-CFA3-34D8-078876023CAC}"
EndProject
Global
	GlobalSection(SolutionConfigurationPlatforms) = preSolution
		Debug|Any CPU = Debug|Any CPU
		Release|Any CPU = Release|Any CPU
	EndGlobalSection
	GlobalSection(ProjectConfigurationPlatforms) = postSolution
		{A081E5E2-5DC6-6C79-12F0-45059B0D846C}.Debug|Any CPU.ActiveCfg = Debug|Any CPU
		{A081E5E2-5DC6-6C79-12F0-45059B0D846C}.Debug|Any CPU.Build.0 = Debug|Any CPU
		{A081E5E2-5DC6-6C79-12F0-45059B0D846C}.Release|Any CPU.ActiveCfg = Release|Any CPU
		{A081E5E2-5DC6-6C79-12F0-45059B0D846C}.Release|Any CPU.Build.0 = Release|Any CPU
		{787D370C-69B1-7356-9D30-2F5EC3999FA6}.Debug|Any CPU.ActiveCfg = Debug|Any CPU
		{787D370C-69B1-7356-9D30-2F5EC3999FA6}.Debug|Any CPU.Build.0 = Debug|Any CPU
		{787D370C-69B1-7356-9D30-2F5EC3999FA6}.Release|Any CPU.ActiveCfg = Release|Any CPU
		{787D370C-69B1-7356-9D30-2F5EC3999FA6}.Release|Any CPU.Build.0 = Release|Any CPU
		{FCE56C1E-D96C-2FCB-43A2-EEFEFE9B6248}.Debug|Any CPU.ActiveCfg = Debug|Any CPU
		{FCE56C1E-D96C-2FCB-43A2-EEFEFE9B6248}.Debug|Any CPU.Build.0 = Debug|Any CPU
		{FCE56C1E-D96C-2FCB-43A2-EEFEFE9B6248}.Release|Any CPU.ActiveCfg = Release|Any CPU
		{FCE56C1E-D96C-2FCB-43A2-EEFEFE9B6248}.Release|Any CPU.Build.0 = Release|Any CPU
		{5A1C77DC-9F9F-0EDA-D632-CF0999EFAEE8}.Debug|Any CPU.ActiveCfg = Debug|Any CPU
		{5A1C77DC-9F9F-0EDA-D632-CF0999EFAEE8}.Debug|Any CPU.Build.0 = Debug|Any CPU
		{5A1C77DC-9F9F-0EDA-D632-CF0999EFAEE8}.Release|Any CPU.ActiveCfg = Release|Any CPU
		{5A1C77DC-9F9F-0EDA-D632-CF0999EFAEE8}.Release|Any CPU.Build.0 = Release|Any CPU
		{35BC797E-DE09-E6D8-0840-53715BE5EA4D}.Debug|Any CPU.ActiveCfg = Debug|Any CPU
		{35BC797E-DE09-E6D8-0840-53715BE5EA4D}.Debug|Any CPU.Build.0 = Debug|Any CPU
		{35BC797E-DE09-E6D8-0840-53715BE5EA4D}.Release|Any CPU.ActiveCfg = Release|Any CPU
		{35BC797E-DE09-E6D8-0840-53715BE5EA4D}.Release|Any CPU.Build.0 = Release|Any CPU
		{D030816F-21EC-E7AC-23AA-4AD9B7053AF2}.Debug|Any CPU.ActiveCfg = Debug|Any CPU
		{D030816F-21EC-E7AC-23AA-4AD9B7053AF2}.Debug|Any CPU.Build.0 = Debug|Any CPU
		{D030816F-21EC-E7AC-23AA-4AD9B7053AF2}.Release|Any CPU.ActiveCfg = Release|Any CPU
		{D030816F-21EC-E7AC-23AA-4AD9B7053AF2}.Release|Any CPU.Build.0 = Release|Any CPU
		{3A677224-E001-DA93-43BA-88F22ABB1AE1}.Debug|Any CPU.ActiveCfg = Debug|Any CPU
		{3A677224-E001-DA93-43BA-88F22ABB1AE1}.Debug|Any CPU.Build.0 = Debug|Any CPU
		{3A677224-E001-DA93-43BA-88F22ABB1AE1}.Release|Any CPU.ActiveCfg = Release|Any CPU
		{3A677224-E001-DA93-43BA-88F22ABB1AE1}.Release|Any CPU.Build.0 = Release|Any CPU
		{B55E5A23-840D-64BE-77C8-A0087062A8DF}.Debug|Any CPU.ActiveCfg = Debug|Any CPU
		{B55E5A23-840D-64BE-77C8-A0087062A8DF}.Debug|Any CPU.Build.0 = Debug|Any CPU
		{B55E5A23-840D-64BE-77C8-A0087062A8DF}.Release|Any CPU.ActiveCfg = Release|Any CPU
		{B55E5A23-840D-64BE-77C8-A0087062A8DF}.Release|Any CPU.Build.0 = Release|Any CPU
		{37CEB33A-B67A-F77C-5AD6-55E1BB758862}.Debug|Any CPU.ActiveCfg = Debug|Any CPU
		{37CEB33A-B67A-F77C-5AD6-55E1BB758862}.Debug|Any CPU.Build.0 = Debug|Any CPU
		{37CEB33A-B67A-F77C-5AD6-55E1BB758862}.Release|Any CPU.ActiveCfg = Release|Any CPU
		{37CEB33A-B67A-F77C-5AD6-55E1BB758862}.Release|Any CPU.Build.0 = Release|Any CPU
		{ECF454D2-BD23-B39F-5E24-8431EC53640F}.Debug|Any CPU.ActiveCfg = Debug|Any CPU
		{ECF454D2-BD23-B39F-5E24-8431EC53640F}.Debug|Any CPU.Build.0 = Debug|Any CPU
		{ECF454D2-BD23-B39F-5E24-8431EC53640F}.Release|Any CPU.ActiveCfg = Release|Any CPU
		{ECF454D2-BD23-B39F-5E24-8431EC53640F}.Release|Any CPU.Build.0 = Release|Any CPU
		{2B067115-3E5E-99A5-9F41-D542AAFD2BCC}.Debug|Any CPU.ActiveCfg = Debug|Any CPU
		{2B067115-3E5E-99A5-9F41-D542AAFD2BCC}.Debug|Any CPU.Build.0 = Debug|Any CPU
		{2B067115-3E5E-99A5-9F41-D542AAFD2BCC}.Release|Any CPU.ActiveCfg = Release|Any CPU
		{2B067115-3E5E-99A5-9F41-D542AAFD2BCC}.Release|Any CPU.Build.0 = Release|Any CPU
		{9561B350-2958-96C0-CFD6-5B6563349A33}.Debug|Any CPU.ActiveCfg = Debug|Any CPU
		{9561B350-2958-96C0-CFD6-5B6563349A33}.Debug|Any CPU.Build.0 = Debug|Any CPU
		{9561B350-2958-96C0-CFD6-5B6563349A33}.Release|Any CPU.ActiveCfg = Release|Any CPU
		{9561B350-2958-96C0-CFD6-5B6563349A33}.Release|Any CPU.Build.0 = Release|Any CPU
		{0A722A0B-280D-F7B2-1A71-DAE92AD73D1A}.Debug|Any CPU.ActiveCfg = Debug|Any CPU
		{0A722A0B-280D-F7B2-1A71-DAE92AD73D1A}.Debug|Any CPU.Build.0 = Debug|Any CPU
		{0A722A0B-280D-F7B2-1A71-DAE92AD73D1A}.Release|Any CPU.ActiveCfg = Release|Any CPU
		{0A722A0B-280D-F7B2-1A71-DAE92AD73D1A}.Release|Any CPU.Build.0 = Release|Any CPU
		{2E6D7835-D51D-2888-0054-4C9D7D38E32E}.Debug|Any CPU.ActiveCfg = Debug|Any CPU
		{2E6D7835-D51D-2888-0054-4C9D7D38E32E}.Debug|Any CPU.Build.0 = Debug|Any CPU
		{2E6D7835-D51D-2888-0054-4C9D7D38E32E}.Release|Any CPU.ActiveCfg = Release|Any CPU
		{2E6D7835-D51D-2888-0054-4C9D7D38E32E}.Release|Any CPU.Build.0 = Release|Any CPU
		{63EE9ECD-24F6-CFA3-34D8-078876023CAC}.Debug|Any CPU.ActiveCfg = Debug|Any CPU
		{63EE9ECD-24F6-CFA3-34D8-078876023CAC}.Debug|Any CPU.Build.0 = Debug|Any CPU
		{63EE9ECD-24F6-CFA3-34D8-078876023CAC}.Release|Any CPU.ActiveCfg = Release|Any CPU
		{63EE9ECD-24F6-CFA3-34D8-078876023CAC}.Release|Any CPU.Build.0 = Release|Any CPU
	EndGlobalSection
	GlobalSection(SolutionProperties) = preSolution
		HideSolutionNode = FALSE
	EndGlobalSection
EndGlobal
